PODS:
  - ALMediaLibrary (0.1.3b)
  - MBProgressHUD (0.9.1)

DEPENDENCIES:
  - ALMediaLibrary (from `../`)
  - MBProgressHUD (~> 0.9.1)

EXTERNAL SOURCES:
  ALMediaLibrary:
    :path: ../

SPEC CHECKSUMS:
  ALMediaLibrary: 9e50978b5f16214c051c1308d3350470f0780d3f
  MBProgressHUD: c47f2c166c126cf2ce36498d80f33e754d4e93ad

COCOAPODS: 0.37.2
