PODS:
  - ALMediaLibrary (0.1.2b)
  - MBProgressHUD (0.9.1)

DEPENDENCIES:
  - ALMediaLibrary (from `../`)
  - MBProgressHUD (~> 0.9.1)

EXTERNAL SOURCES:
  ALMediaLibrary:
    :path: ../

SPEC CHECKSUMS:
  ALMediaLibrary: f664775b2f1f59923ff434e75e0717e551d18ed9
  MBProgressHUD: c47f2c166c126cf2ce36498d80f33e754d4e93ad

COCOAPODS: 0.37.2
